
Microsoft Visual Studio Solution File, Format Version 12.00
# Visual Studio Version 17
VisualStudioVersion = 17.2.32602.215
MinimumVisualStudioVersion = 10.0.40219.1
Project("{FAE04EC0-301F-11D3-BF4B-00C04F79EFBC}") = "uts_project", "uts_project\uts_project.csproj", "{3E8CACD7-1B8E-4A31-8D97-3D03F04033D7}"
EndProject
Global
	GlobalSection(SolutionConfigurationPlatforms) = preSolution
		Debug|Any CPU = Debug|Any CPU
		Release|Any CPU = Release|Any CPU
	EndGlobalSection
	GlobalSection(ProjectConfigurationPlatforms) = postSolution
		{3E8CACD7-1B8E-4A31-8D97-3D03F04033D7}.Debug|Any CPU.ActiveCfg = Debug|Any CPU
		{3E8CACD7-1B8E-4A31-8D97-3D03F04033D7}.Debug|Any CPU.Build.0 = Debug|Any CPU
		{3E8CACD7-1B8E-4A31-8D97-3D03F04033D7}.Release|Any CPU.ActiveCfg = Release|Any CPU
		{3E8CACD7-1B8E-4A31-8D97-3D03F04033D7}.Release|Any CPU.Build.0 = Release|Any CPU
	EndGlobalSection
	GlobalSection(SolutionProperties) = preSolution
		HideSolutionNode = FALSE
	EndGlobalSection
	GlobalSection(ExtensibilityGlobals) = postSolution
		SolutionGuid = {C155B076-0181-46EE-8B84-CFF4FAA55F5F}
	EndGlobalSection
EndGlobal
